{
  "name": "node-app",
  "version": "1.0.0",
  "lockfileVersion": 1,
  "requires": true,
  "dependencies": {
    "lion-lib2503": {
      "version": "1.1.0",
      "resolved": "https://registry.npmjs.org/lion-lib2503/-/lion-lib2503-1.1.0.tgz",
      "integrity": "sha512-ScQ711Cv5yTvrgJOdTC7Yrc+V9rYLvJV4w2zV8AidVAJJhBXVvgAF1jmKhfWvMG8pCYB0nTgnYRs9vdY6LM2WQ=="
    }
  }
}
